--- 
dependencies: 
  rake: 
    group: 
    - :default
    version: ">= 0"
  nanoc: 
    group: 
    - :default
    version: ">= 3.1.2"
  adsf: 
    group: 
    - :default
    version: ">= 0"
  thin: 
    group: 
    - :default
    version: ">= 0"
  sinatra: 
    group: 
    - :default
    version: ">= 0"
  bundler: 
    group: 
    - :default
    version: ">= 0"
  less: 
    group: 
    - :default
    version: ">= 0"
  rdiscount: 
    group: 
    - :default
    version: ">= 0"
  builder: 
    group: 
    - :default
    version: ">= 0"
  RedCloth: 
    group: 
    - :default
    version: ">= 0"
specs: 
- rake: 
    version: 0.8.7
- RedCloth: 
    version: 4.2.3
- rack: 
    version: 1.1.0
- adsf: 
    version: 1.0.1
- builder: 
    version: 2.1.2
- bundler: 
    version: 0.9.18
- cri: 
    version: 1.0.1
- daemons: 
    version: 1.0.10
- eventmachine: 
    version: 0.12.10
- mutter: 
    version: 0.5.3
- polyglot: 
    version: 0.3.1
- treetop: 
    version: 1.4.5
- less: 
    version: 1.2.21
- nanoc3: 
    version: 3.1.2
- nanoc: 
    version: 3.1.2
- rdiscount: 
    version: 1.6.3
- sinatra: 
    version: "1.0"
- thin: 
    version: 1.2.7
hash: 8168c6b4f88d0bb30c86db04d0f380994e50a99f
sources: 
- Rubygems: 
    uri: http://gemcutter.org
